// !$*UTF8*$!
{
	archiveVersion = 1;
	classes = {
	};
	objectVersion = 50;
	objects = {

/* Begin PBXBuildFile section */
		3888E4F626243B3800B17EA9 /* CS193pApp.swift in Sources */ = {isa = PBXBuildFile; fileRef = 3888E4F526243B3800B17EA9 /* CS193pApp.swift */; };
		3888E4F826243B3800B17EA9 /* EmojiMemoryGameView.swift in Sources */ = {isa = PBXBuildFile; fileRef = 3888E4F726243B3800B17EA9 /* EmojiMemoryGameView.swift */; };
		3888E4FA26243B3B00B17EA9 /* Assets.xcassets in Resources */ = {isa = PBXBuildFile; fileRef = 3888E4F926243B3B00B17EA9 /* Assets.xcassets */; };
		3888E4FD26243B3B00B17EA9 /* Preview Assets.xcassets in Resources */ = {isa = PBXBuildFile; fileRef = 3888E4FC26243B3B00B17EA9 /* Preview Assets.xcassets */; };
		3888E506262441BD00B17EA9 /* MemoryGame.swift in Sources */ = {isa = PBXBuildFile; fileRef = 3888E505262441BD00B17EA9 /* MemoryGame.swift */; };
		3888E50A262444CF00B17EA9 /* EmojiMemoryGame.swift in Sources */ = {isa = PBXBuildFile; fileRef = 3888E509262444CF00B17EA9 /* EmojiMemoryGame.swift */; };
		3888E511262579CF00B17EA9 /* GridLayout.swift in Sources */ = {isa = PBXBuildFile; fileRef = 3888E510262579CF00B17EA9 /* GridLayout.swift */; };
		3888E5142625805B00B17EA9 /* Grid.swift in Sources */ = {isa = PBXBuildFile; fileRef = 3888E5132625805B00B17EA9 /* Grid.swift */; };
		3888E518262599AD00B17EA9 /* Pie.swift in Sources */ = {isa = PBXBuildFile; fileRef = 3888E517262599AD00B17EA9 /* Pie.swift */; };
		3888E51C2625BEAC00B17EA9 /* Cardify.swift in Sources */ = {isa = PBXBuildFile; fileRef = 3888E51B2625BEAC00B17EA9 /* Cardify.swift */; };
/* End PBXBuildFile section */

/* Begin PBXFileReference section */
		3888E4F226243B3800B17EA9 /* CS193p.app */ = {isa = PBXFileReference; explicitFileType = wrapper.application; includeInIndex = 0; path = CS193p.app; sourceTree = BUILT_PRODUCTS_DIR; };
		3888E4F526243B3800B17EA9 /* CS193pApp.swift */ = {isa = PBXFileReference; lastKnownFileType = sourcecode.swift; path = CS193pApp.swift; sourceTree = "<group>"; };
		3888E4F726243B3800B17EA9 /* EmojiMemoryGameView.swift */ = {isa = PBXFileReference; lastKnownFileType = sourcecode.swift; path = EmojiMemoryGameView.swift; sourceTree = "<group>"; };
		3888E4F926243B3B00B17EA9 /* Assets.xcassets */ = {isa = PBXFileReference; lastKnownFileType = folder.assetcatalog; path = Assets.xcassets; sourceTree = "<group>"; };
		3888E4FC26243B3B00B17EA9 /* Preview Assets.xcassets */ = {isa = PBXFileReference; lastKnownFileType = folder.assetcatalog; path = "Preview Assets.xcassets"; sourceTree = "<group>"; };
		3888E4FE26243B3B00B17EA9 /* Info.plist */ = {isa = PBXFileReference; lastKnownFileType = text.plist.xml; path = Info.plist; sourceTree = "<group>"; };
		3888E505262441BD00B17EA9 /* MemoryGame.swift */ = {isa = PBXFileReference; lastKnownFileType = sourcecode.swift; path = MemoryGame.swift; sourceTree = "<group>"; };
		3888E509262444CF00B17EA9 /* EmojiMemoryGame.swift */ = {isa = PBXFileReference; lastKnownFileType = sourcecode.swift; path = EmojiMemoryGame.swift; sourceTree = "<group>"; };
		3888E510262579CF00B17EA9 /* GridLayout.swift */ = {isa = PBXFileReference; fileEncoding = 4; lastKnownFileType = sourcecode.swift; path = GridLayout.swift; sourceTree = "<group>"; };
		3888E5132625805B00B17EA9 /* Grid.swift */ = {isa = PBXFileReference; lastKnownFileType = sourcecode.swift; path = Grid.swift; sourceTree = "<group>"; };
		3888E517262599AD00B17EA9 /* Pie.swift */ = {isa = PBXFileReference; lastKnownFileType = sourcecode.swift; path = Pie.swift; sourceTree = "<group>"; };
		3888E51B2625BEAC00B17EA9 /* Cardify.swift */ = {isa = PBXFileReference; lastKnownFileType = sourcecode.swift; path = Cardify.swift; sourceTree = "<group>"; };
/* End PBXFileReference section */

/* Begin PBXFrameworksBuildPhase section */
		3888E4EF26243B3800B17EA9 /* Frameworks */ = {
			isa = PBXFrameworksBuildPhase;
			buildActionMask = 2147483647;
			files = (
			);
			runOnlyForDeploymentPostprocessing = 0;
		};
/* End PBXFrameworksBuildPhase section */

/* Begin PBXGroup section */
		3888E4E926243B3800B17EA9 = {
			isa = PBXGroup;
			children = (
				3888E4F426243B3800B17EA9 /* CS193p */,
				3888E4F326243B3800B17EA9 /* Products */,
			);
			sourceTree = "<group>";
		};
		3888E4F326243B3800B17EA9 /* Products */ = {
			isa = PBXGroup;
			children = (
				3888E4F226243B3800B17EA9 /* CS193p.app */,
			);
			name = Products;
			sourceTree = "<group>";
		};
		3888E4F426243B3800B17EA9 /* CS193p */ = {
			isa = PBXGroup;
			children = (
				3888E4F526243B3800B17EA9 /* CS193pApp.swift */,
				3888E4F726243B3800B17EA9 /* EmojiMemoryGameView.swift */,
				3888E505262441BD00B17EA9 /* MemoryGame.swift */,
				3888E509262444CF00B17EA9 /* EmojiMemoryGame.swift */,
				3888E5132625805B00B17EA9 /* Grid.swift */,
				3888E510262579CF00B17EA9 /* GridLayout.swift */,
				3888E517262599AD00B17EA9 /* Pie.swift */,
				3888E51B2625BEAC00B17EA9 /* Cardify.swift */,
				3888E4F926243B3B00B17EA9 /* Assets.xcassets */,
				3888E4FE26243B3B00B17EA9 /* Info.plist */,
				3888E4FB26243B3B00B17EA9 /* Preview Content */,
			);
			path = CS193p;
			sourceTree = "<group>";
		};
		3888E4FB26243B3B00B17EA9 /* Preview Content */ = {
			isa = PBXGroup;
			children = (
				3888E4FC26243B3B00B17EA9 /* Preview Assets.xcassets */,
			);
			path = "Preview Content";
			sourceTree = "<group>";
		};
/* End PBXGroup section */

/* Begin PBXNativeTarget section */
		3888E4F126243B3800B17EA9 /* CS193p */ = {
			isa = PBXNativeTarget;
			buildConfigurationList = 3888E50126243B3B00B17EA9 /* Build configuration list for PBXNativeTarget "CS193p" */;
			buildPhases = (
				3888E4EE26243B3800B17EA9 /* Sources */,
				3888E4EF26243B3800B17EA9 /* Frameworks */,
				3888E4F026243B3800B17EA9 /* Resources */,
			);
			buildRules = (
			);
			dependencies = (
			);
			name = CS193p;
			productName = CS193p;
			productReference = 3888E4F226243B3800B17EA9 /* CS193p.app */;
			productType = "com.apple.product-type.application";
		};
/* End PBXNativeTarget section */

/* Begin PBXProject section */
		3888E4EA26243B3800B17EA9 /* Project object */ = {
			isa = PBXProject;
			attributes = {
				LastSwiftUpdateCheck = 1240;
				LastUpgradeCheck = 1240;
				TargetAttributes = {
					3888E4F126243B3800B17EA9 = {
						CreatedOnToolsVersion = 12.4;
					};
				};
			};
			buildConfigurationList = 3888E4ED26243B3800B17EA9 /* Build configuration list for PBXProject "CS193p" */;
			compatibilityVersion = "Xcode 9.3";
			developmentRegion = en;
			hasScannedForEncodings = 0;
			knownRegions = (
				en,
				Base,
			);
			mainGroup = 3888E4E926243B3800B17EA9;
			productRefGroup = 3888E4F326243B3800B17EA9 /* Products */;
			projectDirPath = "";
			projectRoot = "";
			targets = (
				3888E4F126243B3800B17EA9 /* CS193p */,
			);
		};
/* End PBXProject section */

/* Begin PBXResourcesBuildPhase section */
		3888E4F026243B3800B17EA9 /* Resources */ = {
			isa = PBXResourcesBuildPhase;
			buildActionMask = 2147483647;
			files = (
				3888E4FD26243B3B00B17EA9 /* Preview Assets.xcassets in Resources */,
				3888E4FA26243B3B00B17EA9 /* Assets.xcassets in Resources */,
			);
			runOnlyForDeploymentPostprocessing = 0;
		};
/* End PBXResourcesBuildPhase section */

/* Begin PBXSourcesBuildPhase section */
		3888E4EE26243B3800B17EA9 /* Sources */ = {
			isa = PBXSourcesBuildPhase;
			buildActionMask = 2147483647;
			files = (
				3888E506262441BD00B17EA9 /* MemoryGame.swift in Sources */,
				3888E518262599AD00B17EA9 /* Pie.swift in Sources */,
				3888E51C2625BEAC00B17EA9 /* Cardify.swift in Sources */,
				3888E4F826243B3800B17EA9 /* EmojiMemoryGameView.swift in Sources */,
				3888E511262579CF00B17EA9 /* GridLayout.swift in Sources */,
				3888E4F626243B3800B17EA9 /* CS193pApp.swift in Sources */,
				3888E50A262444CF00B17EA9 /* EmojiMemoryGame.swift in Sources */,
				3888E5142625805B00B17EA9 /* Grid.swift in Sources */,
			);
			runOnlyForDeploymentPostprocessing = 0;
		};
/* End PBXSourcesBuildPhase section */

/* Begin XCBuildConfiguration section */
		3888E4FF26243B3B00B17EA9 /* Debug */ = {
			isa = XCBuildConfiguration;
			buildSettings = {
				ALWAYS_SEARCH_USER_PATHS = NO;
				CLANG_ANALYZER_NONNULL = YES;
				CLANG_ANALYZER_NUMBER_OBJECT_CONVERSION = YES_AGGRESSIVE;
				CLANG_CXX_LANGUAGE_STANDARD = "gnu++14";
				CLANG_CXX_LIBRARY = "libc++";
				CLANG_ENABLE_MODULES = YES;
				CLANG_ENABLE_OBJC_ARC = YES;
				CLANG_ENABLE_OBJC_WEAK = YES;
				CLANG_WARN_BLOCK_CAPTURE_AUTORELEASING = YES;
				CLANG_WARN_BOOL_CONVERSION = YES;
				CLANG_WARN_COMMA = YES;
				CLANG_WARN_CONSTANT_CONVERSION = YES;
				CLANG_WARN_DEPRECATED_OBJC_IMPLEMENTATIONS = YES;
				CLANG_WARN_DIRECT_OBJC_ISA_USAGE = YES_ERROR;
				CLANG_WARN_DOCUMENTATION_COMMENTS = YES;
				CLANG_WARN_EMPTY_BODY = YES;
				CLANG_WARN_ENUM_CONVERSION = YES;
				CLANG_WARN_INFINITE_RECURSION = YES;
				CLANG_WARN_INT_CONVERSION = YES;
				CLANG_WARN_NON_LITERAL_NULL_CONVERSION = YES;
				CLANG_WARN_OBJC_IMPLICIT_RETAIN_SELF = YES;
				CLANG_WARN_OBJC_LITERAL_CONVERSION = YES;
				CLANG_WARN_OBJC_ROOT_CLASS = YES_ERROR;
				CLANG_WARN_QUOTED_INCLUDE_IN_FRAMEWORK_HEADER = YES;
				CLANG_WARN_RANGE_LOOP_ANALYSIS = YES;
				CLANG_WARN_STRICT_PROTOTYPES = YES;
				CLANG_WARN_SUSPICIOUS_MOVE = YES;
				CLANG_WARN_UNGUARDED_AVAILABILITY = YES_AGGRESSIVE;
				CLANG_WARN_UNREACHABLE_CODE = YES;
				CLANG_WARN__DUPLICATE_METHOD_MATCH = YES;
				COPY_PHASE_STRIP = NO;
				DEBUG_INFORMATION_FORMAT = dwarf;
				ENABLE_STRICT_OBJC_MSGSEND = YES;
				ENABLE_TESTABILITY = YES;
				GCC_C_LANGUAGE_STANDARD = gnu11;
				GCC_DYNAMIC_NO_PIC = NO;
				GCC_NO_COMMON_BLOCKS = YES;
				GCC_OPTIMIZATION_LEVEL = 0;
				GCC_PREPROCESSOR_DEFINITIONS = (
					"DEBUG=1",
					"$(inherited)",
				);
				GCC_WARN_64_TO_32_BIT_CONVERSION = YES;
				GCC_WARN_ABOUT_RETURN_TYPE = YES_ERROR;
				GCC_WARN_UNDECLARED_SELECTOR = YES;
				GCC_WARN_UNINITIALIZED_AUTOS = YES_AGGRESSIVE;
				GCC_WARN_UNUSED_FUNCTION = YES;
				GCC_WARN_UNUSED_VARIABLE = YES;
				IPHONEOS_DEPLOYMENT_TARGET = 14.4;
				MTL_ENABLE_DEBUG_INFO = INCLUDE_SOURCE;
				MTL_FAST_MATH = YES;
				ONLY_ACTIVE_ARCH = YES;
				SDKROOT = iphoneos;
				SWIFT_ACTIVE_COMPILATION_CONDITIONS = DEBUG;
				SWIFT_OPTIMIZATION_LEVEL = "-Onone";
			};
			name = Debug;
		};
		3888E50026243B3B00B17EA9 /* Release */ = {
			isa = XCBuildConfiguration;
			buildSettings = {
				ALWAYS_SEARCH_USER_PATHS = NO;
				CLANG_ANALYZER_NONNULL = YES;
				CLANG_ANALYZER_NUMBER_OBJECT_CONVERSION = YES_AGGRESSIVE;
				CLANG_CXX_LANGUAGE_STANDARD = "gnu++14";
				CLANG_CXX_LIBRARY = "libc++";
				CLANG_ENABLE_MODULES = YES;
				CLANG_ENABLE_OBJC_ARC = YES;
				CLANG_ENABLE_OBJC_WEAK = YES;
				CLANG_WARN_BLOCK_CAPTURE_AUTORELEASING = YES;
				CLANG_WARN_BOOL_CONVERSION = YES;
				CLANG_WARN_COMMA = YES;
				CLANG_WARN_CONSTANT_CONVERSION = YES;
				CLANG_WARN_DEPRECATED_OBJC_IMPLEMENTATIONS = YES;
				CLANG_WARN_DIRECT_OBJC_ISA_USAGE = YES_ERROR;
				CLANG_WARN_DOCUMENTATION_COMMENTS = YES;
				CLANG_WARN_EMPTY_BODY = YES;
				CLANG_WARN_ENUM_CONVERSION = YES;
				CLANG_WARN_INFINITE_RECURSION = YES;
				CLANG_WARN_INT_CONVERSION = YES;
				CLANG_WARN_NON_LITERAL_NULL_CONVERSION = YES;
				CLANG_WARN_OBJC_IMPLICIT_RETAIN_SELF = YES;
				CLANG_WARN_OBJC_LITERAL_CONVERSION = YES;
				CLANG_WARN_OBJC_ROOT_CLASS = YES_ERROR;
				CLANG_WARN_QUOTED_INCLUDE_IN_FRAMEWORK_HEADER = YES;
				CLANG_WARN_RANGE_LOOP_ANALYSIS = YES;
				CLANG_WARN_STRICT_PROTOTYPES = YES;
				CLANG_WARN_SUSPICIOUS_MOVE = YES;
				CLANG_WARN_UNGUARDED_AVAILABILITY = YES_AGGRESSIVE;
				CLANG_WARN_UNREACHABLE_CODE = YES;
				CLANG_WARN__DUPLICATE_METHOD_MATCH = YES;
				COPY_PHASE_STRIP = NO;
				DEBUG_INFORMATION_FORMAT = "dwarf-with-dsym";
				ENABLE_NS_ASSERTIONS = NO;
				ENABLE_STRICT_OBJC_MSGSEND = YES;
				GCC_C_LANGUAGE_STANDARD = gnu11;
				GCC_NO_COMMON_BLOCKS = YES;
				GCC_WARN_64_TO_32_BIT_CONVERSION = YES;
				GCC_WARN_ABOUT_RETURN_TYPE = YES_ERROR;
				GCC_WARN_UNDECLARED_SELECTOR = YES;
				GCC_WARN_UNINITIALIZED_AUTOS = YES_AGGRESSIVE;
				GCC_WARN_UNUSED_FUNCTION = YES;
				GCC_WARN_UNUSED_VARIABLE = YES;
				IPHONEOS_DEPLOYMENT_TARGET = 14.4;
				MTL_ENABLE_DEBUG_INFO = NO;
				MTL_FAST_MATH = YES;
				SDKROOT = iphoneos;
				SWIFT_COMPILATION_MODE = wholemodule;
				SWIFT_OPTIMIZATION_LEVEL = "-O";
				VALIDATE_PRODUCT = YES;
			};
			name = Release;
		};
		3888E50226243B3B00B17EA9 /* Debug */ = {
			isa = XCBuildConfiguration;
			buildSettings = {
				ASSETCATALOG_COMPILER_APPICON_NAME = AppIcon;
				ASSETCATALOG_COMPILER_GLOBAL_ACCENT_COLOR_NAME = AccentColor;
				CODE_SIGN_STYLE = Automatic;
				DEVELOPMENT_ASSET_PATHS = "\"CS193p/Preview Content\"";
				DEVELOPMENT_TEAM = S68QCFB8Q7;
				ENABLE_PREVIEWS = YES;
				INFOPLIST_FILE = CS193p/Info.plist;
				IPHONEOS_DEPLOYMENT_TARGET = 14.0;
				LD_RUNPATH_SEARCH_PATHS = (
					"$(inherited)",
					"@executable_path/Frameworks",
				);
				PRODUCT_BUNDLE_IDENTIFIER = lym.com.zdc.CS193p;
				PRODUCT_NAME = "$(TARGET_NAME)";
				SWIFT_VERSION = 5.0;
				TARGETED_DEVICE_FAMILY = "1,2";
			};
			name = Debug;
		};
		3888E50326243B3B00B17EA9 /* Release */ = {
			isa = XCBuildConfiguration;
			buildSettings = {
				ASSETCATALOG_COMPILER_APPICON_NAME = AppIcon;
				ASSETCATALOG_COMPILER_GLOBAL_ACCENT_COLOR_NAME = AccentColor;
				CODE_SIGN_STYLE = Automatic;
				DEVELOPMENT_ASSET_PATHS = "\"CS193p/Preview Content\"";
				DEVELOPMENT_TEAM = S68QCFB8Q7;
				ENABLE_PREVIEWS = YES;
				INFOPLIST_FILE = CS193p/Info.plist;
				IPHONEOS_DEPLOYMENT_TARGET = 14.0;
				LD_RUNPATH_SEARCH_PATHS = (
					"$(inherited)",
					"@executable_path/Frameworks",
				);
				PRODUCT_BUNDLE_IDENTIFIER = lym.com.zdc.CS193p;
				PRODUCT_NAME = "$(TARGET_NAME)";
				SWIFT_VERSION = 5.0;
				TARGETED_DEVICE_FAMILY = "1,2";
			};
			name = Release;
		};
/* End XCBuildConfiguration section */

/* Begin XCConfigurationList section */
		3888E4ED26243B3800B17EA9 /* Build configuration list for PBXProject "CS193p" */ = {
			isa = XCConfigurationList;
			buildConfigurations = (
				3888E4FF26243B3B00B17EA9 /* Debug */,
				3888E50026243B3B00B17EA9 /* Release */,
			);
			defaultConfigurationIsVisible = 0;
			defaultConfigurationName = Release;
		};
		3888E50126243B3B00B17EA9 /* Build configuration list for PBXNativeTarget "CS193p" */ = {
			isa = XCConfigurationList;
			buildConfigurations = (
				3888E50226243B3B00B17EA9 /* Debug */,
				3888E50326243B3B00B17EA9 /* Release */,
			);
			defaultConfigurationIsVisible = 0;
			defaultConfigurationName = Release;
		};
/* End XCConfigurationList section */
	};
	rootObject = 3888E4EA26243B3800B17EA9 /* Project object */;
}
